
Microsoft Visual Studio Solution File, Format Version 11.00
# Visual Studio 2010
Project("{FAE04EC0-301F-11D3-BF4B-00C04F79EFBC}") = "Assembly-CSharp", "Assembly-CSharp.csproj", "{83F825DE-45AD-86E1-486A-83C6F23F2FD2}"
EndProject
Project("{FAE04EC0-301F-11D3-BF4B-00C04F79EFBC}") = "Assembly-CSharp-Editor", "Assembly-CSharp-Editor.csproj", "{6DD8A281-21A7-BBD3-644A-06393F46B43F}"
EndProject
Global
	GlobalSection(SolutionConfigurationPlatforms) = preSolution
		Debug|Any CPU = Debug|Any CPU
		Release|Any CPU = Release|Any CPU
	EndGlobalSection
	GlobalSection(ProjectConfigurationPlatforms) = postSolution
		{83F825DE-45AD-86E1-486A-83C6F23F2FD2}.Debug|Any CPU.ActiveCfg = Debug|Any CPU
		{83F825DE-45AD-86E1-486A-83C6F23F2FD2}.Debug|Any CPU.Build.0 = Debug|Any CPU
		{83F825DE-45AD-86E1-486A-83C6F23F2FD2}.Release|Any CPU.ActiveCfg = Release|Any CPU
		{83F825DE-45AD-86E1-486A-83C6F23F2FD2}.Release|Any CPU.Build.0 = Release|Any CPU
		{6DD8A281-21A7-BBD3-644A-06393F46B43F}.Debug|Any CPU.ActiveCfg = Debug|Any CPU
		{6DD8A281-21A7-BBD3-644A-06393F46B43F}.Debug|Any CPU.Build.0 = Debug|Any CPU
		{6DD8A281-21A7-BBD3-644A-06393F46B43F}.Release|Any CPU.ActiveCfg = Release|Any CPU
		{6DD8A281-21A7-BBD3-644A-06393F46B43F}.Release|Any CPU.Build.0 = Release|Any CPU
	EndGlobalSection
	GlobalSection(SolutionProperties) = preSolution
		HideSolutionNode = FALSE
	EndGlobalSection
EndGlobal
